// !$*UTF8*$!
{
	archiveVersion = 1;
	classes = {
	};
	objectVersion = 51;
	objects = {

/* Begin PBXBuildFile section */
		287BD3A0E619B1861E2F1984 /* Pods_AudioRecBetaUIKit.framework in Frameworks */ = {isa = PBXBuildFile; fileRef = 70A1F2D61FD7C36444A37430 /* Pods_AudioRecBetaUIKit.framework */; };
		607AE28A26BDBC9D00DB37EA /* AudioPlayer.swift in Sources */ = {isa = PBXBuildFile; fileRef = 607AE28926BDBC9D00DB37EA /* AudioPlayer.swift */; };
		607EE4BB26BCB6EC0041930B /* AppDelegate.swift in Sources */ = {isa = PBXBuildFile; fileRef = 607EE4BA26BCB6EC0041930B /* AppDelegate.swift */; };
		607EE4BD26BCB6EC0041930B /* SceneDelegate.swift in Sources */ = {isa = PBXBuildFile; fileRef = 607EE4BC26BCB6EC0041930B /* SceneDelegate.swift */; };
		607EE4BF26BCB6EC0041930B /* RecordingsView.swift in Sources */ = {isa = PBXBuildFile; fileRef = 607EE4BE26BCB6EC0041930B /* RecordingsView.swift */; };
		607EE4C126BCB6ED0041930B /* Assets.xcassets in Resources */ = {isa = PBXBuildFile; fileRef = 607EE4C026BCB6ED0041930B /* Assets.xcassets */; };
		607EE4C426BCB6ED0041930B /* Preview Assets.xcassets in Resources */ = {isa = PBXBuildFile; fileRef = 607EE4C326BCB6ED0041930B /* Preview Assets.xcassets */; };
		607EE4C726BCB6ED0041930B /* LaunchScreen.storyboard in Resources */ = {isa = PBXBuildFile; fileRef = 607EE4C526BCB6ED0041930B /* LaunchScreen.storyboard */; };
		607EE4CF26BCB7FD0041930B /* AudioRecorder.swift in Sources */ = {isa = PBXBuildFile; fileRef = 607EE4CE26BCB7FD0041930B /* AudioRecorder.swift */; };
		607EE4D126BCFD230041930B /* RecordingList.swift in Sources */ = {isa = PBXBuildFile; fileRef = 607EE4D026BCFD230041930B /* RecordingList.swift */; };
		607EE4D326BD0B490041930B /* Extensions.swift in Sources */ = {isa = PBXBuildFile; fileRef = 607EE4D226BD0B490041930B /* Extensions.swift */; };
		607EE4D526BD1E790041930B /* RecordingDataModel.swift in Sources */ = {isa = PBXBuildFile; fileRef = 607EE4D426BD1E790041930B /* RecordingDataModel.swift */; };
		607EE4D726BD222D0041930B /* Helper.swift in Sources */ = {isa = PBXBuildFile; fileRef = 607EE4D626BD222D0041930B /* Helper.swift */; };
		607F5AEB26BF20890072AF97 /* Birds.swift in Sources */ = {isa = PBXBuildFile; fileRef = 607F5AEA26BF20890072AF97 /* Birds.swift */; };
		607F5AED26BF21E00072AF97 /* Api.swift in Sources */ = {isa = PBXBuildFile; fileRef = 607F5AEC26BF21E00072AF97 /* Api.swift */; };
		607F5AEF26BF28B00072AF97 /* BirdResultsView.swift in Sources */ = {isa = PBXBuildFile; fileRef = 607F5AEE26BF28B00072AF97 /* BirdResultsView.swift */; };
		607F5AF126BF2BA80072AF97 /* LoadingModalView.swift in Sources */ = {isa = PBXBuildFile; fileRef = 607F5AF026BF2BA80072AF97 /* LoadingModalView.swift */; };
/* End PBXBuildFile section */

/* Begin PBXFileReference section */
		4EFED052C31F62A065254225 /* Pods-AudioRecBetaUIKit.release.xcconfig */ = {isa = PBXFileReference; includeInIndex = 1; lastKnownFileType = text.xcconfig; name = "Pods-AudioRecBetaUIKit.release.xcconfig"; path = "Target Support Files/Pods-AudioRecBetaUIKit/Pods-AudioRecBetaUIKit.release.xcconfig"; sourceTree = "<group>"; };
		5B835353FECD18BFF3BDA6AD /* Pods-AudioRecBetaUIKit.debug.xcconfig */ = {isa = PBXFileReference; includeInIndex = 1; lastKnownFileType = text.xcconfig; name = "Pods-AudioRecBetaUIKit.debug.xcconfig"; path = "Target Support Files/Pods-AudioRecBetaUIKit/Pods-AudioRecBetaUIKit.debug.xcconfig"; sourceTree = "<group>"; };
		607AE28926BDBC9D00DB37EA /* AudioPlayer.swift */ = {isa = PBXFileReference; lastKnownFileType = sourcecode.swift; path = AudioPlayer.swift; sourceTree = "<group>"; };
		607EE4B726BCB6EC0041930B /* AudioRecBetaUIKit.app */ = {isa = PBXFileReference; explicitFileType = wrapper.application; includeInIndex = 0; path = AudioRecBetaUIKit.app; sourceTree = BUILT_PRODUCTS_DIR; };
		607EE4BA26BCB6EC0041930B /* AppDelegate.swift */ = {isa = PBXFileReference; lastKnownFileType = sourcecode.swift; path = AppDelegate.swift; sourceTree = "<group>"; };
		607EE4BC26BCB6EC0041930B /* SceneDelegate.swift */ = {isa = PBXFileReference; lastKnownFileType = sourcecode.swift; path = SceneDelegate.swift; sourceTree = "<group>"; };
		607EE4BE26BCB6EC0041930B /* RecordingsView.swift */ = {isa = PBXFileReference; lastKnownFileType = sourcecode.swift; lineEnding = 0; path = RecordingsView.swift; sourceTree = "<group>"; };
		607EE4C026BCB6ED0041930B /* Assets.xcassets */ = {isa = PBXFileReference; lastKnownFileType = folder.assetcatalog; path = Assets.xcassets; sourceTree = "<group>"; };
		607EE4C326BCB6ED0041930B /* Preview Assets.xcassets */ = {isa = PBXFileReference; lastKnownFileType = folder.assetcatalog; path = "Preview Assets.xcassets"; sourceTree = "<group>"; };
		607EE4C626BCB6ED0041930B /* Base */ = {isa = PBXFileReference; lastKnownFileType = file.storyboard; name = Base; path = Base.lproj/LaunchScreen.storyboard; sourceTree = "<group>"; };
		607EE4C826BCB6ED0041930B /* Info.plist */ = {isa = PBXFileReference; lastKnownFileType = text.plist.xml; path = Info.plist; sourceTree = "<group>"; };
		607EE4CE26BCB7FD0041930B /* AudioRecorder.swift */ = {isa = PBXFileReference; lastKnownFileType = sourcecode.swift; path = AudioRecorder.swift; sourceTree = "<group>"; };
		607EE4D026BCFD230041930B /* RecordingList.swift */ = {isa = PBXFileReference; lastKnownFileType = sourcecode.swift; path = RecordingList.swift; sourceTree = "<group>"; };
		607EE4D226BD0B490041930B /* Extensions.swift */ = {isa = PBXFileReference; lastKnownFileType = sourcecode.swift; path = Extensions.swift; sourceTree = "<group>"; };
		607EE4D426BD1E790041930B /* RecordingDataModel.swift */ = {isa = PBXFileReference; lastKnownFileType = sourcecode.swift; path = RecordingDataModel.swift; sourceTree = "<group>"; };
		607EE4D626BD222D0041930B /* Helper.swift */ = {isa = PBXFileReference; lastKnownFileType = sourcecode.swift; path = Helper.swift; sourceTree = "<group>"; };
		607F5AEA26BF20890072AF97 /* Birds.swift */ = {isa = PBXFileReference; fileEncoding = 4; lastKnownFileType = sourcecode.swift; path = Birds.swift; sourceTree = "<group>"; };
		607F5AEC26BF21E00072AF97 /* Api.swift */ = {isa = PBXFileReference; lastKnownFileType = sourcecode.swift; path = Api.swift; sourceTree = "<group>"; };
		607F5AEE26BF28B00072AF97 /* BirdResultsView.swift */ = {isa = PBXFileReference; fileEncoding = 4; lastKnownFileType = sourcecode.swift; path = BirdResultsView.swift; sourceTree = "<group>"; };
		607F5AF026BF2BA80072AF97 /* LoadingModalView.swift */ = {isa = PBXFileReference; lastKnownFileType = sourcecode.swift; path = LoadingModalView.swift; sourceTree = "<group>"; };
		70A1F2D61FD7C36444A37430 /* Pods_AudioRecBetaUIKit.framework */ = {isa = PBXFileReference; explicitFileType = wrapper.framework; includeInIndex = 0; path = Pods_AudioRecBetaUIKit.framework; sourceTree = BUILT_PRODUCTS_DIR; };
/* End PBXFileReference section */

/* Begin PBXFrameworksBuildPhase section */
		607EE4B426BCB6EC0041930B /* Frameworks */ = {
			isa = PBXFrameworksBuildPhase;
			buildActionMask = 2147483647;
			files = (
				287BD3A0E619B1861E2F1984 /* Pods_AudioRecBetaUIKit.framework in Frameworks */,
			);
			runOnlyForDeploymentPostprocessing = 0;
		};
/* End PBXFrameworksBuildPhase section */

/* Begin PBXGroup section */
		607EE4AE26BCB6EC0041930B = {
			isa = PBXGroup;
			children = (
				607EE4B926BCB6EC0041930B /* AudioRecBetaUIKit */,
				607EE4B826BCB6EC0041930B /* Products */,
				76CDA70807F231443FD4302F /* Pods */,
				E6A499BF8AC6346A838AFB4C /* Frameworks */,
			);
			sourceTree = "<group>";
		};
		607EE4B826BCB6EC0041930B /* Products */ = {
			isa = PBXGroup;
			children = (
				607EE4B726BCB6EC0041930B /* AudioRecBetaUIKit.app */,
			);
			name = Products;
			sourceTree = "<group>";
		};
		607EE4B926BCB6EC0041930B /* AudioRecBetaUIKit */ = {
			isa = PBXGroup;
			children = (
				607F5AEA26BF20890072AF97 /* Birds.swift */,
				607F5AEE26BF28B00072AF97 /* BirdResultsView.swift */,
				607F5AEC26BF21E00072AF97 /* Api.swift */,
				607EE4BA26BCB6EC0041930B /* AppDelegate.swift */,
				607EE4BC26BCB6EC0041930B /* SceneDelegate.swift */,
				607EE4BE26BCB6EC0041930B /* RecordingsView.swift */,
				607EE4C026BCB6ED0041930B /* Assets.xcassets */,
				607EE4C526BCB6ED0041930B /* LaunchScreen.storyboard */,
				607EE4C826BCB6ED0041930B /* Info.plist */,
				607EE4C226BCB6ED0041930B /* Preview Content */,
				607EE4CE26BCB7FD0041930B /* AudioRecorder.swift */,
				607EE4D026BCFD230041930B /* RecordingList.swift */,
				607EE4D226BD0B490041930B /* Extensions.swift */,
				607EE4D426BD1E790041930B /* RecordingDataModel.swift */,
				607EE4D626BD222D0041930B /* Helper.swift */,
				607AE28926BDBC9D00DB37EA /* AudioPlayer.swift */,
				607F5AF026BF2BA80072AF97 /* LoadingModalView.swift */,
			);
			path = AudioRecBetaUIKit;
			sourceTree = "<group>";
		};
		607EE4C226BCB6ED0041930B /* Preview Content */ = {
			isa = PBXGroup;
			children = (
				607EE4C326BCB6ED0041930B /* Preview Assets.xcassets */,
			);
			path = "Preview Content";
			sourceTree = "<group>";
		};
		76CDA70807F231443FD4302F /* Pods */ = {
			isa = PBXGroup;
			children = (
				5B835353FECD18BFF3BDA6AD /* Pods-AudioRecBetaUIKit.debug.xcconfig */,
				4EFED052C31F62A065254225 /* Pods-AudioRecBetaUIKit.release.xcconfig */,
			);
			path = Pods;
			sourceTree = "<group>";
		};
		E6A499BF8AC6346A838AFB4C /* Frameworks */ = {
			isa = PBXGroup;
			children = (
				70A1F2D61FD7C36444A37430 /* Pods_AudioRecBetaUIKit.framework */,
			);
			name = Frameworks;
			sourceTree = "<group>";
		};
/* End PBXGroup section */

/* Begin PBXNativeTarget section */
		607EE4B626BCB6EC0041930B /* AudioRecBetaUIKit */ = {
			isa = PBXNativeTarget;
			buildConfigurationList = 607EE4CB26BCB6ED0041930B /* Build configuration list for PBXNativeTarget "AudioRecBetaUIKit" */;
			buildPhases = (
				A5F475CB0E3EE06F087879D5 /* [CP] Check Pods Manifest.lock */,
				607EE4B326BCB6EC0041930B /* Sources */,
				607EE4B426BCB6EC0041930B /* Frameworks */,
				607EE4B526BCB6EC0041930B /* Resources */,
				547FF368A085C9A7334DF48E /* [CP] Embed Pods Frameworks */,
			);
			buildRules = (
			);
			dependencies = (
			);
			name = AudioRecBetaUIKit;
			productName = AudioRecBetaUIKit;
			productReference = 607EE4B726BCB6EC0041930B /* AudioRecBetaUIKit.app */;
			productType = "com.apple.product-type.application";
		};
/* End PBXNativeTarget section */

/* Begin PBXProject section */
		607EE4AF26BCB6EC0041930B /* Project object */ = {
			isa = PBXProject;
			attributes = {
				LastSwiftUpdateCheck = 1250;
				LastUpgradeCheck = 1250;
				TargetAttributes = {
					607EE4B626BCB6EC0041930B = {
						CreatedOnToolsVersion = 12.5.1;
					};
				};
			};
			buildConfigurationList = 607EE4B226BCB6EC0041930B /* Build configuration list for PBXProject "AudioRecBetaUIKit" */;
			compatibilityVersion = "Xcode 9.3";
			developmentRegion = en;
			hasScannedForEncodings = 0;
			knownRegions = (
				en,
				Base,
			);
			mainGroup = 607EE4AE26BCB6EC0041930B;
			productRefGroup = 607EE4B826BCB6EC0041930B /* Products */;
			projectDirPath = "";
			projectRoot = "";
			targets = (
				607EE4B626BCB6EC0041930B /* AudioRecBetaUIKit */,
			);
		};
/* End PBXProject section */

/* Begin PBXResourcesBuildPhase section */
		607EE4B526BCB6EC0041930B /* Resources */ = {
			isa = PBXResourcesBuildPhase;
			buildActionMask = 2147483647;
			files = (
				607EE4C726BCB6ED0041930B /* LaunchScreen.storyboard in Resources */,
				607EE4C426BCB6ED0041930B /* Preview Assets.xcassets in Resources */,
				607EE4C126BCB6ED0041930B /* Assets.xcassets in Resources */,
			);
			runOnlyForDeploymentPostprocessing = 0;
		};
/* End PBXResourcesBuildPhase section */

/* Begin PBXShellScriptBuildPhase section */
		547FF368A085C9A7334DF48E /* [CP] Embed Pods Frameworks */ = {
			isa = PBXShellScriptBuildPhase;
			buildActionMask = 2147483647;
			files = (
			);
			inputFileListPaths = (
				"${PODS_ROOT}/Target Support Files/Pods-AudioRecBetaUIKit/Pods-AudioRecBetaUIKit-frameworks-${CONFIGURATION}-input-files.xcfilelist",
			);
			name = "[CP] Embed Pods Frameworks";
			outputFileListPaths = (
				"${PODS_ROOT}/Target Support Files/Pods-AudioRecBetaUIKit/Pods-AudioRecBetaUIKit-frameworks-${CONFIGURATION}-output-files.xcfilelist",
			);
			runOnlyForDeploymentPostprocessing = 0;
			shellPath = /bin/sh;
			shellScript = "\"${PODS_ROOT}/Target Support Files/Pods-AudioRecBetaUIKit/Pods-AudioRecBetaUIKit-frameworks.sh\"\n";
			showEnvVarsInLog = 0;
		};
		A5F475CB0E3EE06F087879D5 /* [CP] Check Pods Manifest.lock */ = {
			isa = PBXShellScriptBuildPhase;
			buildActionMask = 2147483647;
			files = (
			);
			inputFileListPaths = (
			);
			inputPaths = (
				"${PODS_PODFILE_DIR_PATH}/Podfile.lock",
				"${PODS_ROOT}/Manifest.lock",
			);
			name = "[CP] Check Pods Manifest.lock";
			outputFileListPaths = (
			);
			outputPaths = (
				"$(DERIVED_FILE_DIR)/Pods-AudioRecBetaUIKit-checkManifestLockResult.txt",
			);
			runOnlyForDeploymentPostprocessing = 0;
			shellPath = /bin/sh;
			shellScript = "diff \"${PODS_PODFILE_DIR_PATH}/Podfile.lock\" \"${PODS_ROOT}/Manifest.lock\" > /dev/null\nif [ $? != 0 ] ; then\n    # print error to STDERR\n    echo \"error: The sandbox is not in sync with the Podfile.lock. Run 'pod install' or update your CocoaPods installation.\" >&2\n    exit 1\nfi\n# This output is used by Xcode 'outputs' to avoid re-running this script phase.\necho \"SUCCESS\" > \"${SCRIPT_OUTPUT_FILE_0}\"\n";
			showEnvVarsInLog = 0;
		};
/* End PBXShellScriptBuildPhase section */

/* Begin PBXSourcesBuildPhase section */
		607EE4B326BCB6EC0041930B /* Sources */ = {
			isa = PBXSourcesBuildPhase;
			buildActionMask = 2147483647;
			files = (
				607F5AF126BF2BA80072AF97 /* LoadingModalView.swift in Sources */,
				607EE4D126BCFD230041930B /* RecordingList.swift in Sources */,
				607EE4D326BD0B490041930B /* Extensions.swift in Sources */,
				607F5AEF26BF28B00072AF97 /* BirdResultsView.swift in Sources */,
				607AE28A26BDBC9D00DB37EA /* AudioPlayer.swift in Sources */,
				607EE4D526BD1E790041930B /* RecordingDataModel.swift in Sources */,
				607EE4BB26BCB6EC0041930B /* AppDelegate.swift in Sources */,
				607F5AED26BF21E00072AF97 /* Api.swift in Sources */,
				607EE4BD26BCB6EC0041930B /* SceneDelegate.swift in Sources */,
				607F5AEB26BF20890072AF97 /* Birds.swift in Sources */,
				607EE4CF26BCB7FD0041930B /* AudioRecorder.swift in Sources */,
				607EE4BF26BCB6EC0041930B /* RecordingsView.swift in Sources */,
				607EE4D726BD222D0041930B /* Helper.swift in Sources */,
			);
			runOnlyForDeploymentPostprocessing = 0;
		};
/* End PBXSourcesBuildPhase section */

/* Begin PBXVariantGroup section */
		607EE4C526BCB6ED0041930B /* LaunchScreen.storyboard */ = {
			isa = PBXVariantGroup;
			children = (
				607EE4C626BCB6ED0041930B /* Base */,
			);
			name = LaunchScreen.storyboard;
			sourceTree = "<group>";
		};
/* End PBXVariantGroup section */

/* Begin XCBuildConfiguration section */
		607EE4C926BCB6ED0041930B /* Debug */ = {
			isa = XCBuildConfiguration;
			buildSettings = {
				ALWAYS_SEARCH_USER_PATHS = NO;
				CLANG_ANALYZER_NONNULL = YES;
				CLANG_ANALYZER_NUMBER_OBJECT_CONVERSION = YES_AGGRESSIVE;
				CLANG_CXX_LANGUAGE_STANDARD = "gnu++14";
				CLANG_CXX_LIBRARY = "libc++";
				CLANG_ENABLE_MODULES = YES;
				CLANG_ENABLE_OBJC_ARC = YES;
				CLANG_ENABLE_OBJC_WEAK = YES;
				CLANG_WARN_BLOCK_CAPTURE_AUTORELEASING = YES;
				CLANG_WARN_BOOL_CONVERSION = YES;
				CLANG_WARN_COMMA = YES;
				CLANG_WARN_CONSTANT_CONVERSION = YES;
				CLANG_WARN_DEPRECATED_OBJC_IMPLEMENTATIONS = YES;
				CLANG_WARN_DIRECT_OBJC_ISA_USAGE = YES_ERROR;
				CLANG_WARN_DOCUMENTATION_COMMENTS = YES;
				CLANG_WARN_EMPTY_BODY = YES;
				CLANG_WARN_ENUM_CONVERSION = YES;
				CLANG_WARN_INFINITE_RECURSION = YES;
				CLANG_WARN_INT_CONVERSION = YES;
				CLANG_WARN_NON_LITERAL_NULL_CONVERSION = YES;
				CLANG_WARN_OBJC_IMPLICIT_RETAIN_SELF = YES;
				CLANG_WARN_OBJC_LITERAL_CONVERSION = YES;
				CLANG_WARN_OBJC_ROOT_CLASS = YES_ERROR;
				CLANG_WARN_QUOTED_INCLUDE_IN_FRAMEWORK_HEADER = YES;
				CLANG_WARN_RANGE_LOOP_ANALYSIS = YES;
				CLANG_WARN_STRICT_PROTOTYPES = YES;
				CLANG_WARN_SUSPICIOUS_MOVE = YES;
				CLANG_WARN_UNGUARDED_AVAILABILITY = YES_AGGRESSIVE;
				CLANG_WARN_UNREACHABLE_CODE = YES;
				CLANG_WARN__DUPLICATE_METHOD_MATCH = YES;
				COPY_PHASE_STRIP = NO;
				DEBUG_INFORMATION_FORMAT = dwarf;
				ENABLE_STRICT_OBJC_MSGSEND = YES;
				ENABLE_TESTABILITY = YES;
				GCC_C_LANGUAGE_STANDARD = gnu11;
				GCC_DYNAMIC_NO_PIC = NO;
				GCC_NO_COMMON_BLOCKS = YES;
				GCC_OPTIMIZATION_LEVEL = 0;
				GCC_PREPROCESSOR_DEFINITIONS = (
					"DEBUG=1",
					"$(inherited)",
				);
				GCC_WARN_64_TO_32_BIT_CONVERSION = YES;
				GCC_WARN_ABOUT_RETURN_TYPE = YES_ERROR;
				GCC_WARN_UNDECLARED_SELECTOR = YES;
				GCC_WARN_UNINITIALIZED_AUTOS = YES_AGGRESSIVE;
				GCC_WARN_UNUSED_FUNCTION = YES;
				GCC_WARN_UNUSED_VARIABLE = YES;
				IPHONEOS_DEPLOYMENT_TARGET = 14.5;
				MTL_ENABLE_DEBUG_INFO = INCLUDE_SOURCE;
				MTL_FAST_MATH = YES;
				ONLY_ACTIVE_ARCH = YES;
				SDKROOT = iphoneos;
				SWIFT_ACTIVE_COMPILATION_CONDITIONS = DEBUG;
				SWIFT_OPTIMIZATION_LEVEL = "-Onone";
			};
			name = Debug;
		};
		607EE4CA26BCB6ED0041930B /* Release */ = {
			isa = XCBuildConfiguration;
			buildSettings = {
				ALWAYS_SEARCH_USER_PATHS = NO;
				CLANG_ANALYZER_NONNULL = YES;
				CLANG_ANALYZER_NUMBER_OBJECT_CONVERSION = YES_AGGRESSIVE;
				CLANG_CXX_LANGUAGE_STANDARD = "gnu++14";
				CLANG_CXX_LIBRARY = "libc++";
				CLANG_ENABLE_MODULES = YES;
				CLANG_ENABLE_OBJC_ARC = YES;
				CLANG_ENABLE_OBJC_WEAK = YES;
				CLANG_WARN_BLOCK_CAPTURE_AUTORELEASING = YES;
				CLANG_WARN_BOOL_CONVERSION = YES;
				CLANG_WARN_COMMA = YES;
				CLANG_WARN_CONSTANT_CONVERSION = YES;
				CLANG_WARN_DEPRECATED_OBJC_IMPLEMENTATIONS = YES;
				CLANG_WARN_DIRECT_OBJC_ISA_USAGE = YES_ERROR;
				CLANG_WARN_DOCUMENTATION_COMMENTS = YES;
				CLANG_WARN_EMPTY_BODY = YES;
				CLANG_WARN_ENUM_CONVERSION = YES;
				CLANG_WARN_INFINITE_RECURSION = YES;
				CLANG_WARN_INT_CONVERSION = YES;
				CLANG_WARN_NON_LITERAL_NULL_CONVERSION = YES;
				CLANG_WARN_OBJC_IMPLICIT_RETAIN_SELF = YES;
				CLANG_WARN_OBJC_LITERAL_CONVERSION = YES;
				CLANG_WARN_OBJC_ROOT_CLASS = YES_ERROR;
				CLANG_WARN_QUOTED_INCLUDE_IN_FRAMEWORK_HEADER = YES;
				CLANG_WARN_RANGE_LOOP_ANALYSIS = YES;
				CLANG_WARN_STRICT_PROTOTYPES = YES;
				CLANG_WARN_SUSPICIOUS_MOVE = YES;
				CLANG_WARN_UNGUARDED_AVAILABILITY = YES_AGGRESSIVE;
				CLANG_WARN_UNREACHABLE_CODE = YES;
				CLANG_WARN__DUPLICATE_METHOD_MATCH = YES;
				COPY_PHASE_STRIP = NO;
				DEBUG_INFORMATION_FORMAT = "dwarf-with-dsym";
				ENABLE_NS_ASSERTIONS = NO;
				ENABLE_STRICT_OBJC_MSGSEND = YES;
				GCC_C_LANGUAGE_STANDARD = gnu11;
				GCC_NO_COMMON_BLOCKS = YES;
				GCC_WARN_64_TO_32_BIT_CONVERSION = YES;
				GCC_WARN_ABOUT_RETURN_TYPE = YES_ERROR;
				GCC_WARN_UNDECLARED_SELECTOR = YES;
				GCC_WARN_UNINITIALIZED_AUTOS = YES_AGGRESSIVE;
				GCC_WARN_UNUSED_FUNCTION = YES;
				GCC_WARN_UNUSED_VARIABLE = YES;
				IPHONEOS_DEPLOYMENT_TARGET = 14.5;
				MTL_ENABLE_DEBUG_INFO = NO;
				MTL_FAST_MATH = YES;
				SDKROOT = iphoneos;
				SWIFT_COMPILATION_MODE = wholemodule;
				SWIFT_OPTIMIZATION_LEVEL = "-O";
				VALIDATE_PRODUCT = YES;
			};
			name = Release;
		};
		607EE4CC26BCB6ED0041930B /* Debug */ = {
			isa = XCBuildConfiguration;
			baseConfigurationReference = 5B835353FECD18BFF3BDA6AD /* Pods-AudioRecBetaUIKit.debug.xcconfig */;
			buildSettings = {
				ASSETCATALOG_COMPILER_APPICON_NAME = AppIcon;
				ASSETCATALOG_COMPILER_GLOBAL_ACCENT_COLOR_NAME = AccentColor;
				CODE_SIGN_STYLE = Automatic;
				DEVELOPMENT_ASSET_PATHS = "\"AudioRecBetaUIKit/Preview Content\"";
				DEVELOPMENT_TEAM = 3M7U3767XT;
				ENABLE_PREVIEWS = YES;
				INFOPLIST_FILE = AudioRecBetaUIKit/Info.plist;
				LD_RUNPATH_SEARCH_PATHS = (
					"$(inherited)",
					"@executable_path/Frameworks",
				);
				PRODUCT_BUNDLE_IDENTIFIER = com.arigo.AudioRecBetaUIKit;
				PRODUCT_NAME = "$(TARGET_NAME)";
				SWIFT_VERSION = 5.0;
				TARGETED_DEVICE_FAMILY = "1,2";
			};
			name = Debug;
		};
		607EE4CD26BCB6ED0041930B /* Release */ = {
			isa = XCBuildConfiguration;
			baseConfigurationReference = 4EFED052C31F62A065254225 /* Pods-AudioRecBetaUIKit.release.xcconfig */;
			buildSettings = {
				ASSETCATALOG_COMPILER_APPICON_NAME = AppIcon;
				ASSETCATALOG_COMPILER_GLOBAL_ACCENT_COLOR_NAME = AccentColor;
				CODE_SIGN_STYLE = Automatic;
				DEVELOPMENT_ASSET_PATHS = "\"AudioRecBetaUIKit/Preview Content\"";
				DEVELOPMENT_TEAM = 3M7U3767XT;
				ENABLE_PREVIEWS = YES;
				INFOPLIST_FILE = AudioRecBetaUIKit/Info.plist;
				LD_RUNPATH_SEARCH_PATHS = (
					"$(inherited)",
					"@executable_path/Frameworks",
				);
				PRODUCT_BUNDLE_IDENTIFIER = com.arigo.AudioRecBetaUIKit;
				PRODUCT_NAME = "$(TARGET_NAME)";
				SWIFT_VERSION = 5.0;
				TARGETED_DEVICE_FAMILY = "1,2";
			};
			name = Release;
		};
/* End XCBuildConfiguration section */

/* Begin XCConfigurationList section */
		607EE4B226BCB6EC0041930B /* Build configuration list for PBXProject "AudioRecBetaUIKit" */ = {
			isa = XCConfigurationList;
			buildConfigurations = (
				607EE4C926BCB6ED0041930B /* Debug */,
				607EE4CA26BCB6ED0041930B /* Release */,
			);
			defaultConfigurationIsVisible = 0;
			defaultConfigurationName = Release;
		};
		607EE4CB26BCB6ED0041930B /* Build configuration list for PBXNativeTarget "AudioRecBetaUIKit" */ = {
			isa = XCConfigurationList;
			buildConfigurations = (
				607EE4CC26BCB6ED0041930B /* Debug */,
				607EE4CD26BCB6ED0041930B /* Release */,
			);
			defaultConfigurationIsVisible = 0;
			defaultConfigurationName = Release;
		};
/* End XCConfigurationList section */
	};
	rootObject = 607EE4AF26BCB6EC0041930B /* Project object */;
}
